// !$*UTF8*$!
{
	archiveVersion = 1;
	classes = {
	};
	objectVersion = 50;
	objects = {

/* Begin PBXBuildFile section */
		66A7A47720E4044800D5C5C0 /* AppDelegate.swift in Sources */ = {isa = PBXBuildFile; fileRef = 66A7A47620E4044800D5C5C0 /* AppDelegate.swift */; };
		66A7A47920E4044800D5C5C0 /* WelcomeVC.swift in Sources */ = {isa = PBXBuildFile; fileRef = 66A7A47820E4044800D5C5C0 /* WelcomeVC.swift */; };
		66A7A47C20E4044800D5C5C0 /* Main.storyboard in Resources */ = {isa = PBXBuildFile; fileRef = 66A7A47A20E4044800D5C5C0 /* Main.storyboard */; };
		66A7A47E20E4044A00D5C5C0 /* Assets.xcassets in Resources */ = {isa = PBXBuildFile; fileRef = 66A7A47D20E4044A00D5C5C0 /* Assets.xcassets */; };
		66A7A48120E4044A00D5C5C0 /* LaunchScreen.storyboard in Resources */ = {isa = PBXBuildFile; fileRef = 66A7A47F20E4044A00D5C5C0 /* LaunchScreen.storyboard */; };
		66A7A48C20E4069D00D5C5C0 /* InstructionsVC.swift in Sources */ = {isa = PBXBuildFile; fileRef = 66A7A48B20E4069D00D5C5C0 /* InstructionsVC.swift */; };
		66A7A48E20E406C300D5C5C0 /* GetReadyVC.swift in Sources */ = {isa = PBXBuildFile; fileRef = 66A7A48D20E406C300D5C5C0 /* GetReadyVC.swift */; };
		66A7A49020E406FD00D5C5C0 /* AnswersVC.swift in Sources */ = {isa = PBXBuildFile; fileRef = 66A7A48F20E406FD00D5C5C0 /* AnswersVC.swift */; };
		66A7A49220E4071B00D5C5C0 /* FinishVC.swift in Sources */ = {isa = PBXBuildFile; fileRef = 66A7A49120E4071B00D5C5C0 /* FinishVC.swift */; };
		66A7A49420E4073900D5C5C0 /* QuestionVC.swift in Sources */ = {isa = PBXBuildFile; fileRef = 66A7A49320E4073900D5C5C0 /* QuestionVC.swift */; };
		66A7A49620E4170800D5C5C0 /* blueButton.swift in Sources */ = {isa = PBXBuildFile; fileRef = 66A7A49520E4170800D5C5C0 /* blueButton.swift */; };
		66A7A4A220E419F600D5C5C0 /* Nuvo Pro - Medium.otf in Resources */ = {isa = PBXBuildFile; fileRef = 66A7A49820E419F500D5C5C0 /* Nuvo Pro - Medium.otf */; };
		66A7A4A320E419F600D5C5C0 /* Nuvo Pro.otf in Resources */ = {isa = PBXBuildFile; fileRef = 66A7A49920E419F500D5C5C0 /* Nuvo Pro.otf */; };
		66A7A4A420E419F600D5C5C0 /* Nuvo Pro - Extra Bold.otf in Resources */ = {isa = PBXBuildFile; fileRef = 66A7A49A20E419F500D5C5C0 /* Nuvo Pro - Extra Bold.otf */; };
		66A7A4A520E419F600D5C5C0 /* Nuvo Pro - Black Italic.otf in Resources */ = {isa = PBXBuildFile; fileRef = 66A7A49B20E419F500D5C5C0 /* Nuvo Pro - Black Italic.otf */; };
		66A7A4A620E419F600D5C5C0 /* Nuvo Pro - Bold.otf in Resources */ = {isa = PBXBuildFile; fileRef = 66A7A49C20E419F500D5C5C0 /* Nuvo Pro - Bold.otf */; };
		66A7A4A720E419F600D5C5C0 /* Nuvo Pro - Italic.otf in Resources */ = {isa = PBXBuildFile; fileRef = 66A7A49D20E419F500D5C5C0 /* Nuvo Pro - Italic.otf */; };
		66A7A4A820E419F600D5C5C0 /* Nuvo Pro - Bold Italic.otf in Resources */ = {isa = PBXBuildFile; fileRef = 66A7A49E20E419F500D5C5C0 /* Nuvo Pro - Bold Italic.otf */; };
		66A7A4A920E419F600D5C5C0 /* Nuvo Pro - Medium Italic.otf in Resources */ = {isa = PBXBuildFile; fileRef = 66A7A49F20E419F600D5C5C0 /* Nuvo Pro - Medium Italic.otf */; };
		66A7A4AA20E419F600D5C5C0 /* Nuvo Pro - Black.otf in Resources */ = {isa = PBXBuildFile; fileRef = 66A7A4A020E419F600D5C5C0 /* Nuvo Pro - Black.otf */; };
		66A7A4AB20E419F600D5C5C0 /* Nuvo Pro - Extra Bold Italic.otf in Resources */ = {isa = PBXBuildFile; fileRef = 66A7A4A120E419F600D5C5C0 /* Nuvo Pro - Extra Bold Italic.otf */; };
/* End PBXBuildFile section */

/* Begin PBXFileReference section */
		66A7A47320E4044800D5C5C0 /* ThinkUp DrinkUp.app */ = {isa = PBXFileReference; explicitFileType = wrapper.application; includeInIndex = 0; path = "ThinkUp DrinkUp.app"; sourceTree = BUILT_PRODUCTS_DIR; };
		66A7A47620E4044800D5C5C0 /* AppDelegate.swift */ = {isa = PBXFileReference; lastKnownFileType = sourcecode.swift; path = AppDelegate.swift; sourceTree = "<group>"; };
		66A7A47820E4044800D5C5C0 /* WelcomeVC.swift */ = {isa = PBXFileReference; lastKnownFileType = sourcecode.swift; path = WelcomeVC.swift; sourceTree = "<group>"; };
		66A7A47B20E4044800D5C5C0 /* Base */ = {isa = PBXFileReference; lastKnownFileType = file.storyboard; name = Base; path = Base.lproj/Main.storyboard; sourceTree = "<group>"; };
		66A7A47D20E4044A00D5C5C0 /* Assets.xcassets */ = {isa = PBXFileReference; lastKnownFileType = folder.assetcatalog; path = Assets.xcassets; sourceTree = "<group>"; };
		66A7A48020E4044A00D5C5C0 /* Base */ = {isa = PBXFileReference; lastKnownFileType = file.storyboard; name = Base; path = Base.lproj/LaunchScreen.storyboard; sourceTree = "<group>"; };
		66A7A48220E4044A00D5C5C0 /* Info.plist */ = {isa = PBXFileReference; lastKnownFileType = text.plist.xml; path = Info.plist; sourceTree = "<group>"; };
		66A7A48B20E4069D00D5C5C0 /* InstructionsVC.swift */ = {isa = PBXFileReference; lastKnownFileType = sourcecode.swift; path = InstructionsVC.swift; sourceTree = "<group>"; };
		66A7A48D20E406C300D5C5C0 /* GetReadyVC.swift */ = {isa = PBXFileReference; lastKnownFileType = sourcecode.swift; path = GetReadyVC.swift; sourceTree = "<group>"; };
		66A7A48F20E406FD00D5C5C0 /* AnswersVC.swift */ = {isa = PBXFileReference; lastKnownFileType = sourcecode.swift; path = AnswersVC.swift; sourceTree = "<group>"; };
		66A7A49120E4071B00D5C5C0 /* FinishVC.swift */ = {isa = PBXFileReference; lastKnownFileType = sourcecode.swift; path = FinishVC.swift; sourceTree = "<group>"; };
		66A7A49320E4073900D5C5C0 /* QuestionVC.swift */ = {isa = PBXFileReference; lastKnownFileType = sourcecode.swift; path = QuestionVC.swift; sourceTree = "<group>"; };
		66A7A49520E4170800D5C5C0 /* blueButton.swift */ = {isa = PBXFileReference; lastKnownFileType = sourcecode.swift; path = blueButton.swift; sourceTree = "<group>"; };
		66A7A49820E419F500D5C5C0 /* Nuvo Pro - Medium.otf */ = {isa = PBXFileReference; lastKnownFileType = file; path = "Nuvo Pro - Medium.otf"; sourceTree = "<group>"; };
		66A7A49920E419F500D5C5C0 /* Nuvo Pro.otf */ = {isa = PBXFileReference; lastKnownFileType = file; path = "Nuvo Pro.otf"; sourceTree = "<group>"; };
		66A7A49A20E419F500D5C5C0 /* Nuvo Pro - Extra Bold.otf */ = {isa = PBXFileReference; lastKnownFileType = file; path = "Nuvo Pro - Extra Bold.otf"; sourceTree = "<group>"; };
		66A7A49B20E419F500D5C5C0 /* Nuvo Pro - Black Italic.otf */ = {isa = PBXFileReference; lastKnownFileType = file; path = "Nuvo Pro - Black Italic.otf"; sourceTree = "<group>"; };
		66A7A49C20E419F500D5C5C0 /* Nuvo Pro - Bold.otf */ = {isa = PBXFileReference; lastKnownFileType = file; path = "Nuvo Pro - Bold.otf"; sourceTree = "<group>"; };
		66A7A49D20E419F500D5C5C0 /* Nuvo Pro - Italic.otf */ = {isa = PBXFileReference; lastKnownFileType = file; path = "Nuvo Pro - Italic.otf"; sourceTree = "<group>"; };
		66A7A49E20E419F500D5C5C0 /* Nuvo Pro - Bold Italic.otf */ = {isa = PBXFileReference; lastKnownFileType = file; path = "Nuvo Pro - Bold Italic.otf"; sourceTree = "<group>"; };
		66A7A49F20E419F600D5C5C0 /* Nuvo Pro - Medium Italic.otf */ = {isa = PBXFileReference; lastKnownFileType = file; path = "Nuvo Pro - Medium Italic.otf"; sourceTree = "<group>"; };
		66A7A4A020E419F600D5C5C0 /* Nuvo Pro - Black.otf */ = {isa = PBXFileReference; lastKnownFileType = file; path = "Nuvo Pro - Black.otf"; sourceTree = "<group>"; };
		66A7A4A120E419F600D5C5C0 /* Nuvo Pro - Extra Bold Italic.otf */ = {isa = PBXFileReference; lastKnownFileType = file; path = "Nuvo Pro - Extra Bold Italic.otf"; sourceTree = "<group>"; };
/* End PBXFileReference section */

/* Begin PBXFrameworksBuildPhase section */
		66A7A47020E4044800D5C5C0 /* Frameworks */ = {
			isa = PBXFrameworksBuildPhase;
			buildActionMask = 2147483647;
			files = (
			);
			runOnlyForDeploymentPostprocessing = 0;
		};
/* End PBXFrameworksBuildPhase section */

/* Begin PBXGroup section */
		66A7A46A20E4044800D5C5C0 = {
			isa = PBXGroup;
			children = (
				66A7A47520E4044800D5C5C0 /* ThinkUp DrinkUp */,
				66A7A47420E4044800D5C5C0 /* Products */,
			);
			sourceTree = "<group>";
		};
		66A7A47420E4044800D5C5C0 /* Products */ = {
			isa = PBXGroup;
			children = (
				66A7A47320E4044800D5C5C0 /* ThinkUp DrinkUp.app */,
			);
			name = Products;
			sourceTree = "<group>";
		};
		66A7A47520E4044800D5C5C0 /* ThinkUp DrinkUp */ = {
			isa = PBXGroup;
			children = (
				66A7A49720E419CA00D5C5C0 /* Fonts */,
				66A7A48820E4060A00D5C5C0 /* Model */,
				66A7A48920E4061400D5C5C0 /* View */,
				66A7A48A20E4061A00D5C5C0 /* Controller */,
				66A7A47620E4044800D5C5C0 /* AppDelegate.swift */,
				66A7A47A20E4044800D5C5C0 /* Main.storyboard */,
				66A7A47D20E4044A00D5C5C0 /* Assets.xcassets */,
				66A7A47F20E4044A00D5C5C0 /* LaunchScreen.storyboard */,
				66A7A48220E4044A00D5C5C0 /* Info.plist */,
			);
			path = "ThinkUp DrinkUp";
			sourceTree = "<group>";
		};
		66A7A48820E4060A00D5C5C0 /* Model */ = {
			isa = PBXGroup;
			children = (
			);
			name = Model;
			sourceTree = "<group>";
		};
		66A7A48920E4061400D5C5C0 /* View */ = {
			isa = PBXGroup;
			children = (
				66A7A47820E4044800D5C5C0 /* WelcomeVC.swift */,
				66A7A48B20E4069D00D5C5C0 /* InstructionsVC.swift */,
				66A7A48D20E406C300D5C5C0 /* GetReadyVC.swift */,
				66A7A48F20E406FD00D5C5C0 /* AnswersVC.swift */,
				66A7A49120E4071B00D5C5C0 /* FinishVC.swift */,
				66A7A49320E4073900D5C5C0 /* QuestionVC.swift */,
				66A7A49520E4170800D5C5C0 /* blueButton.swift */,
			);
			name = View;
			sourceTree = "<group>";
		};
		66A7A48A20E4061A00D5C5C0 /* Controller */ = {
			isa = PBXGroup;
			children = (
			);
			name = Controller;
			sourceTree = "<group>";
		};
		66A7A49720E419CA00D5C5C0 /* Fonts */ = {
			isa = PBXGroup;
			children = (
				66A7A49B20E419F500D5C5C0 /* Nuvo Pro - Black Italic.otf */,
				66A7A4A020E419F600D5C5C0 /* Nuvo Pro - Black.otf */,
				66A7A49E20E419F500D5C5C0 /* Nuvo Pro - Bold Italic.otf */,
				66A7A49C20E419F500D5C5C0 /* Nuvo Pro - Bold.otf */,
				66A7A4A120E419F600D5C5C0 /* Nuvo Pro - Extra Bold Italic.otf */,
				66A7A49A20E419F500D5C5C0 /* Nuvo Pro - Extra Bold.otf */,
				66A7A49D20E419F500D5C5C0 /* Nuvo Pro - Italic.otf */,
				66A7A49F20E419F600D5C5C0 /* Nuvo Pro - Medium Italic.otf */,
				66A7A49820E419F500D5C5C0 /* Nuvo Pro - Medium.otf */,
				66A7A49920E419F500D5C5C0 /* Nuvo Pro.otf */,
			);
			name = Fonts;
			sourceTree = "<group>";
		};
/* End PBXGroup section */

/* Begin PBXNativeTarget section */
		66A7A47220E4044800D5C5C0 /* ThinkUp DrinkUp */ = {
			isa = PBXNativeTarget;
			buildConfigurationList = 66A7A48520E4044A00D5C5C0 /* Build configuration list for PBXNativeTarget "ThinkUp DrinkUp" */;
			buildPhases = (
				66A7A46F20E4044800D5C5C0 /* Sources */,
				66A7A47020E4044800D5C5C0 /* Frameworks */,
				66A7A47120E4044800D5C5C0 /* Resources */,
			);
			buildRules = (
			);
			dependencies = (
			);
			name = "ThinkUp DrinkUp";
			productName = "ThinkUp DrinkUp";
			productReference = 66A7A47320E4044800D5C5C0 /* ThinkUp DrinkUp.app */;
			productType = "com.apple.product-type.application";
		};
/* End PBXNativeTarget section */

/* Begin PBXProject section */
		66A7A46B20E4044800D5C5C0 /* Project object */ = {
			isa = PBXProject;
			attributes = {
				LastSwiftUpdateCheck = 1000;
				LastUpgradeCheck = 1000;
				ORGANIZATIONNAME = "Adam McBride Studios";
				TargetAttributes = {
					66A7A47220E4044800D5C5C0 = {
						CreatedOnToolsVersion = 10.0;
					};
				};
			};
			buildConfigurationList = 66A7A46E20E4044800D5C5C0 /* Build configuration list for PBXProject "ThinkUp DrinkUp" */;
			compatibilityVersion = "Xcode 9.3";
			developmentRegion = en;
			hasScannedForEncodings = 0;
			knownRegions = (
				en,
				Base,
			);
			mainGroup = 66A7A46A20E4044800D5C5C0;
			productRefGroup = 66A7A47420E4044800D5C5C0 /* Products */;
			projectDirPath = "";
			projectRoot = "";
			targets = (
				66A7A47220E4044800D5C5C0 /* ThinkUp DrinkUp */,
			);
		};
/* End PBXProject section */

/* Begin PBXResourcesBuildPhase section */
		66A7A47120E4044800D5C5C0 /* Resources */ = {
			isa = PBXResourcesBuildPhase;
			buildActionMask = 2147483647;
			files = (
				66A7A4A520E419F600D5C5C0 /* Nuvo Pro - Black Italic.otf in Resources */,
				66A7A4A620E419F600D5C5C0 /* Nuvo Pro - Bold.otf in Resources */,
				66A7A48120E4044A00D5C5C0 /* LaunchScreen.storyboard in Resources */,
				66A7A47E20E4044A00D5C5C0 /* Assets.xcassets in Resources */,
				66A7A4A820E419F600D5C5C0 /* Nuvo Pro - Bold Italic.otf in Resources */,
				66A7A4A320E419F600D5C5C0 /* Nuvo Pro.otf in Resources */,
				66A7A47C20E4044800D5C5C0 /* Main.storyboard in Resources */,
				66A7A4A920E419F600D5C5C0 /* Nuvo Pro - Medium Italic.otf in Resources */,
				66A7A4A220E419F600D5C5C0 /* Nuvo Pro - Medium.otf in Resources */,
				66A7A4A420E419F600D5C5C0 /* Nuvo Pro - Extra Bold.otf in Resources */,
				66A7A4AA20E419F600D5C5C0 /* Nuvo Pro - Black.otf in Resources */,
				66A7A4A720E419F600D5C5C0 /* Nuvo Pro - Italic.otf in Resources */,
				66A7A4AB20E419F600D5C5C0 /* Nuvo Pro - Extra Bold Italic.otf in Resources */,
			);
			runOnlyForDeploymentPostprocessing = 0;
		};
/* End PBXResourcesBuildPhase section */

/* Begin PBXSourcesBuildPhase section */
		66A7A46F20E4044800D5C5C0 /* Sources */ = {
			isa = PBXSourcesBuildPhase;
			buildActionMask = 2147483647;
			files = (
				66A7A47920E4044800D5C5C0 /* WelcomeVC.swift in Sources */,
				66A7A49020E406FD00D5C5C0 /* AnswersVC.swift in Sources */,
				66A7A49420E4073900D5C5C0 /* QuestionVC.swift in Sources */,
				66A7A48E20E406C300D5C5C0 /* GetReadyVC.swift in Sources */,
				66A7A49220E4071B00D5C5C0 /* FinishVC.swift in Sources */,
				66A7A47720E4044800D5C5C0 /* AppDelegate.swift in Sources */,
				66A7A48C20E4069D00D5C5C0 /* InstructionsVC.swift in Sources */,
				66A7A49620E4170800D5C5C0 /* blueButton.swift in Sources */,
			);
			runOnlyForDeploymentPostprocessing = 0;
		};
/* End PBXSourcesBuildPhase section */

/* Begin PBXVariantGroup section */
		66A7A47A20E4044800D5C5C0 /* Main.storyboard */ = {
			isa = PBXVariantGroup;
			children = (
				66A7A47B20E4044800D5C5C0 /* Base */,
			);
			name = Main.storyboard;
			sourceTree = "<group>";
		};
		66A7A47F20E4044A00D5C5C0 /* LaunchScreen.storyboard */ = {
			isa = PBXVariantGroup;
			children = (
				66A7A48020E4044A00D5C5C0 /* Base */,
			);
			name = LaunchScreen.storyboard;
			sourceTree = "<group>";
		};
/* End PBXVariantGroup section */

/* Begin XCBuildConfiguration section */
		66A7A48320E4044A00D5C5C0 /* Debug */ = {
			isa = XCBuildConfiguration;
			buildSettings = {
				ALWAYS_SEARCH_USER_PATHS = NO;
				CLANG_ANALYZER_NONNULL = YES;
				CLANG_ANALYZER_NUMBER_OBJECT_CONVERSION = YES_AGGRESSIVE;
				CLANG_CXX_LANGUAGE_STANDARD = "gnu++14";
				CLANG_CXX_LIBRARY = "libc++";
				CLANG_ENABLE_MODULES = YES;
				CLANG_ENABLE_OBJC_ARC = YES;
				CLANG_ENABLE_OBJC_WEAK = YES;
				CLANG_WARN_BLOCK_CAPTURE_AUTORELEASING = YES;
				CLANG_WARN_BOOL_CONVERSION = YES;
				CLANG_WARN_COMMA = YES;
				CLANG_WARN_CONSTANT_CONVERSION = YES;
				CLANG_WARN_DEPRECATED_OBJC_IMPLEMENTATIONS = YES;
				CLANG_WARN_DIRECT_OBJC_ISA_USAGE = YES_ERROR;
				CLANG_WARN_DOCUMENTATION_COMMENTS = YES;
				CLANG_WARN_EMPTY_BODY = YES;
				CLANG_WARN_ENUM_CONVERSION = YES;
				CLANG_WARN_INFINITE_RECURSION = YES;
				CLANG_WARN_INT_CONVERSION = YES;
				CLANG_WARN_NON_LITERAL_NULL_CONVERSION = YES;
				CLANG_WARN_OBJC_IMPLICIT_RETAIN_SELF = YES;
				CLANG_WARN_OBJC_LITERAL_CONVERSION = YES;
				CLANG_WARN_OBJC_ROOT_CLASS = YES_ERROR;
				CLANG_WARN_RANGE_LOOP_ANALYSIS = YES;
				CLANG_WARN_STRICT_PROTOTYPES = YES;
				CLANG_WARN_SUSPICIOUS_MOVE = YES;
				CLANG_WARN_UNGUARDED_AVAILABILITY = YES_AGGRESSIVE;
				CLANG_WARN_UNREACHABLE_CODE = YES;
				CLANG_WARN__DUPLICATE_METHOD_MATCH = YES;
				CODE_SIGN_IDENTITY = "iPhone Developer";
				COPY_PHASE_STRIP = NO;
				DEBUG_INFORMATION_FORMAT = dwarf;
				ENABLE_STRICT_OBJC_MSGSEND = YES;
				ENABLE_TESTABILITY = YES;
				GCC_C_LANGUAGE_STANDARD = gnu11;
				GCC_DYNAMIC_NO_PIC = NO;
				GCC_NO_COMMON_BLOCKS = YES;
				GCC_OPTIMIZATION_LEVEL = 0;
				GCC_PREPROCESSOR_DEFINITIONS = (
					"DEBUG=1",
					"$(inherited)",
				);
				GCC_WARN_64_TO_32_BIT_CONVERSION = YES;
				GCC_WARN_ABOUT_RETURN_TYPE = YES_ERROR;
				GCC_WARN_UNDECLARED_SELECTOR = YES;
				GCC_WARN_UNINITIALIZED_AUTOS = YES_AGGRESSIVE;
				GCC_WARN_UNUSED_FUNCTION = YES;
				GCC_WARN_UNUSED_VARIABLE = YES;
				IPHONEOS_DEPLOYMENT_TARGET = 12.0;
				MTL_ENABLE_DEBUG_INFO = INCLUDE_SOURCE;
				ONLY_ACTIVE_ARCH = YES;
				SDKROOT = iphoneos;
				SWIFT_ACTIVE_COMPILATION_CONDITIONS = DEBUG;
				SWIFT_OPTIMIZATION_LEVEL = "-Onone";
			};
			name = Debug;
		};
		66A7A48420E4044A00D5C5C0 /* Release */ = {
			isa = XCBuildConfiguration;
			buildSettings = {
				ALWAYS_SEARCH_USER_PATHS = NO;
				CLANG_ANALYZER_NONNULL = YES;
				CLANG_ANALYZER_NUMBER_OBJECT_CONVERSION = YES_AGGRESSIVE;
				CLANG_CXX_LANGUAGE_STANDARD = "gnu++14";
				CLANG_CXX_LIBRARY = "libc++";
				CLANG_ENABLE_MODULES = YES;
				CLANG_ENABLE_OBJC_ARC = YES;
				CLANG_ENABLE_OBJC_WEAK = YES;
				CLANG_WARN_BLOCK_CAPTURE_AUTORELEASING = YES;
				CLANG_WARN_BOOL_CONVERSION = YES;
				CLANG_WARN_COMMA = YES;
				CLANG_WARN_CONSTANT_CONVERSION = YES;
				CLANG_WARN_DEPRECATED_OBJC_IMPLEMENTATIONS = YES;
				CLANG_WARN_DIRECT_OBJC_ISA_USAGE = YES_ERROR;
				CLANG_WARN_DOCUMENTATION_COMMENTS = YES;
				CLANG_WARN_EMPTY_BODY = YES;
				CLANG_WARN_ENUM_CONVERSION = YES;
				CLANG_WARN_INFINITE_RECURSION = YES;
				CLANG_WARN_INT_CONVERSION = YES;
				CLANG_WARN_NON_LITERAL_NULL_CONVERSION = YES;
				CLANG_WARN_OBJC_IMPLICIT_RETAIN_SELF = YES;
				CLANG_WARN_OBJC_LITERAL_CONVERSION = YES;
				CLANG_WARN_OBJC_ROOT_CLASS = YES_ERROR;
				CLANG_WARN_RANGE_LOOP_ANALYSIS = YES;
				CLANG_WARN_STRICT_PROTOTYPES = YES;
				CLANG_WARN_SUSPICIOUS_MOVE = YES;
				CLANG_WARN_UNGUARDED_AVAILABILITY = YES_AGGRESSIVE;
				CLANG_WARN_UNREACHABLE_CODE = YES;
				CLANG_WARN__DUPLICATE_METHOD_MATCH = YES;
				CODE_SIGN_IDENTITY = "iPhone Developer";
				COPY_PHASE_STRIP = NO;
				DEBUG_INFORMATION_FORMAT = "dwarf-with-dsym";
				ENABLE_NS_ASSERTIONS = NO;
				ENABLE_STRICT_OBJC_MSGSEND = YES;
				GCC_C_LANGUAGE_STANDARD = gnu11;
				GCC_NO_COMMON_BLOCKS = YES;
				GCC_WARN_64_TO_32_BIT_CONVERSION = YES;
				GCC_WARN_ABOUT_RETURN_TYPE = YES_ERROR;
				GCC_WARN_UNDECLARED_SELECTOR = YES;
				GCC_WARN_UNINITIALIZED_AUTOS = YES_AGGRESSIVE;
				GCC_WARN_UNUSED_FUNCTION = YES;
				GCC_WARN_UNUSED_VARIABLE = YES;
				IPHONEOS_DEPLOYMENT_TARGET = 12.0;
				MTL_ENABLE_DEBUG_INFO = NO;
				SDKROOT = iphoneos;
				SWIFT_COMPILATION_MODE = wholemodule;
				SWIFT_OPTIMIZATION_LEVEL = "-O";
				VALIDATE_PRODUCT = YES;
			};
			name = Release;
		};
		66A7A48620E4044A00D5C5C0 /* Debug */ = {
			isa = XCBuildConfiguration;
			buildSettings = {
				ASSETCATALOG_COMPILER_APPICON_NAME = AppIcon;
				CODE_SIGN_STYLE = Automatic;
				DEVELOPMENT_TEAM = WLN9Y47RDX;
				INFOPLIST_FILE = "ThinkUp DrinkUp/Info.plist";
				LD_RUNPATH_SEARCH_PATHS = (
					"$(inherited)",
					"@executable_path/Frameworks",
				);
				PRODUCT_BUNDLE_IDENTIFIER = "me.adammcbride.ThinkUp-DrinkUp";
				PRODUCT_NAME = "$(TARGET_NAME)";
				SWIFT_VERSION = 4.2;
				TARGETED_DEVICE_FAMILY = 1;
			};
			name = Debug;
		};
		66A7A48720E4044A00D5C5C0 /* Release */ = {
			isa = XCBuildConfiguration;
			buildSettings = {
				ASSETCATALOG_COMPILER_APPICON_NAME = AppIcon;
				CODE_SIGN_STYLE = Automatic;
				DEVELOPMENT_TEAM = WLN9Y47RDX;
				INFOPLIST_FILE = "ThinkUp DrinkUp/Info.plist";
				LD_RUNPATH_SEARCH_PATHS = (
					"$(inherited)",
					"@executable_path/Frameworks",
				);
				PRODUCT_BUNDLE_IDENTIFIER = "me.adammcbride.ThinkUp-DrinkUp";
				PRODUCT_NAME = "$(TARGET_NAME)";
				SWIFT_VERSION = 4.2;
				TARGETED_DEVICE_FAMILY = 1;
			};
			name = Release;
		};
/* End XCBuildConfiguration section */

/* Begin XCConfigurationList section */
		66A7A46E20E4044800D5C5C0 /* Build configuration list for PBXProject "ThinkUp DrinkUp" */ = {
			isa = XCConfigurationList;
			buildConfigurations = (
				66A7A48320E4044A00D5C5C0 /* Debug */,
				66A7A48420E4044A00D5C5C0 /* Release */,
			);
			defaultConfigurationIsVisible = 0;
			defaultConfigurationName = Release;
		};
		66A7A48520E4044A00D5C5C0 /* Build configuration list for PBXNativeTarget "ThinkUp DrinkUp" */ = {
			isa = XCConfigurationList;
			buildConfigurations = (
				66A7A48620E4044A00D5C5C0 /* Debug */,
				66A7A48720E4044A00D5C5C0 /* Release */,
			);
			defaultConfigurationIsVisible = 0;
			defaultConfigurationName = Release;
		};
/* End XCConfigurationList section */
	};
	rootObject = 66A7A46B20E4044800D5C5C0 /* Project object */;
}
